
Microsoft Visual Studio Solution File, Format Version 12.00
# Visual Studio Version 17
VisualStudioVersion = 17.10.34928.147
MinimumVisualStudioVersion = 10.0.40219.1
Project("{FAE04EC0-301F-11D3-BF4B-00C04F79EFBC}") = "ContactsWebAPI", "ContactsWebAPI\ContactsWebAPI.csproj", "{8211EAF2-421C-4847-BF8A-BC8BF3A3A319}"
EndProject
Project("{2150E333-8FDC-42A3-9474-1A3956D46DE8}") = "Solution Items", "Solution Items", "{2658FDE6-15DC-4B73-9BC5-FE6AAA39F997}"
	ProjectSection(SolutionItems) = preProject
		README.md = README.md
	EndProjectSection
EndProject
Global
	GlobalSection(SolutionConfigurationPlatforms) = preSolution
		Debug|Any CPU = Debug|Any CPU
		Release|Any CPU = Release|Any CPU
	EndGlobalSection
	GlobalSection(ProjectConfigurationPlatforms) = postSolution
		{8211EAF2-421C-4847-BF8A-BC8BF3A3A319}.Debug|Any CPU.ActiveCfg = Debug|Any CPU
		{8211EAF2-421C-4847-BF8A-BC8BF3A3A319}.Debug|Any CPU.Build.0 = Debug|Any CPU
		{8211EAF2-421C-4847-BF8A-BC8BF3A3A319}.Release|Any CPU.ActiveCfg = Release|Any CPU
		{8211EAF2-421C-4847-BF8A-BC8BF3A3A319}.Release|Any CPU.Build.0 = Release|Any CPU
	EndGlobalSection
	GlobalSection(SolutionProperties) = preSolution
		HideSolutionNode = FALSE
	EndGlobalSection
	GlobalSection(ExtensibilityGlobals) = postSolution
		SolutionGuid = {341A9F27-3FEE-46FC-88CF-4BB942FE6453}
	EndGlobalSection
EndGlobal
